
Microsoft Visual Studio Solution File, Format Version 12.00
# Visual Studio 15
VisualStudioVersion = 15.0.28307.102
MinimumVisualStudioVersion = 10.0.40219.1
Project("{FAE04EC0-301F-11D3-BF4B-00C04F79EFBC}") = "BlobPathFixerApp", "BlobPathFixerApp\BlobPathFixerApp.csproj", "{90B9827B-EA9F-4E78-AA77-20D5919BB309}"
EndProject
Global
	GlobalSection(SolutionConfigurationPlatforms) = preSolution
		Debug|Any CPU = Debug|Any CPU
		Release|Any CPU = Release|Any CPU
	EndGlobalSection
	GlobalSection(ProjectConfigurationPlatforms) = postSolution
		{90B9827B-EA9F-4E78-AA77-20D5919BB309}.Debug|Any CPU.ActiveCfg = Debug|Any CPU
		{90B9827B-EA9F-4E78-AA77-20D5919BB309}.Debug|Any CPU.Build.0 = Debug|Any CPU
		{90B9827B-EA9F-4E78-AA77-20D5919BB309}.Release|Any CPU.ActiveCfg = Release|Any CPU
		{90B9827B-EA9F-4E78-AA77-20D5919BB309}.Release|Any CPU.Build.0 = Release|Any CPU
	EndGlobalSection
	GlobalSection(SolutionProperties) = preSolution
		HideSolutionNode = FALSE
	EndGlobalSection
	GlobalSection(ExtensibilityGlobals) = postSolution
		SolutionGuid = {7C28AFAA-B818-4C39-AF98-BC0D2B20DE7D}
	EndGlobalSection
EndGlobal
