
Microsoft Visual Studio Solution File, Format Version 12.00
# Visual Studio Version 16
VisualStudioVersion = 16.0.29123.88
MinimumVisualStudioVersion = 10.0.40219.1
Project("{FAE04EC0-301F-11D3-BF4B-00C04F79EFBC}") = "HelloWorld", "HelloWorld\HelloWorld.csproj", "{0A7682D9-4F82-4D2F-A932-5B2B0A0676BA}"
EndProject
Global
	GlobalSection(SolutionConfigurationPlatforms) = preSolution
		Debug|Any CPU = Debug|Any CPU
		Release|Any CPU = Release|Any CPU
	EndGlobalSection
	GlobalSection(ProjectConfigurationPlatforms) = postSolution
		{0A7682D9-4F82-4D2F-A932-5B2B0A0676BA}.Debug|Any CPU.ActiveCfg = Debug|Any CPU
		{0A7682D9-4F82-4D2F-A932-5B2B0A0676BA}.Debug|Any CPU.Build.0 = Debug|Any CPU
		{0A7682D9-4F82-4D2F-A932-5B2B0A0676BA}.Release|Any CPU.ActiveCfg = Release|Any CPU
		{0A7682D9-4F82-4D2F-A932-5B2B0A0676BA}.Release|Any CPU.Build.0 = Release|Any CPU
	EndGlobalSection
	GlobalSection(SolutionProperties) = preSolution
		HideSolutionNode = FALSE
	EndGlobalSection
	GlobalSection(ExtensibilityGlobals) = postSolution
		SolutionGuid = {7F91BAB4-B4F8-44DC-B8CF-2CAADDE09DEB}
	EndGlobalSection
EndGlobal
